
Microsoft Visual Studio Solution File, Format Version 12.00
# Visual Studio Version 16
VisualStudioVersion = 16.0.31402.337
MinimumVisualStudioVersion = 10.0.40219.1
Project("{FAE04EC0-301F-11D3-BF4B-00C04F79EFBC}") = "PropriedadesCheckBox", "PropriedadesCheckBox.csproj", "{FE24D482-3295-4BDF-A26B-EBA490CD119A}"
EndProject
Global
	GlobalSection(SolutionConfigurationPlatforms) = preSolution
		Debug|Any CPU = Debug|Any CPU
		Release|Any CPU = Release|Any CPU
	EndGlobalSection
	GlobalSection(ProjectConfigurationPlatforms) = postSolution
		{FE24D482-3295-4BDF-A26B-EBA490CD119A}.Debug|Any CPU.ActiveCfg = Debug|Any CPU
		{FE24D482-3295-4BDF-A26B-EBA490CD119A}.Debug|Any CPU.Build.0 = Debug|Any CPU
		{FE24D482-3295-4BDF-A26B-EBA490CD119A}.Release|Any CPU.ActiveCfg = Release|Any CPU
		{FE24D482-3295-4BDF-A26B-EBA490CD119A}.Release|Any CPU.Build.0 = Release|Any CPU
	EndGlobalSection
	GlobalSection(SolutionProperties) = preSolution
		HideSolutionNode = FALSE
	EndGlobalSection
	GlobalSection(ExtensibilityGlobals) = postSolution
		SolutionGuid = {984F711E-1135-418D-853E-72CDA46C8783}
	EndGlobalSection
EndGlobal
